
Microsoft Visual Studio Solution File, Format Version 12.00
# Visual Studio 15
VisualStudioVersion = 15.0.28010.2036
MinimumVisualStudioVersion = 10.0.40219.1
Project("{9A19103F-16F7-4668-BE54-9A1E7A4F7556}") = "ClientLibrary", "ClientLibrary\ClientLibrary.csproj", "{A602BC49-3E93-4CBE-B89F-F51C0CEB77C3}"
EndProject
Project("{FAE04EC0-301F-11D3-BF4B-00C04F79EFBC}") = "ClientTestConsole", "ClientTestConsole\ClientTestConsole.csproj", "{BBA8AEFA-29E7-4A74-9AF5-74BECEFE0C4C}"
EndProject
Global
	GlobalSection(SolutionConfigurationPlatforms) = preSolution
		Debug|Any CPU = Debug|Any CPU
		Release|Any CPU = Release|Any CPU
	EndGlobalSection
	GlobalSection(ProjectConfigurationPlatforms) = postSolution
		{A602BC49-3E93-4CBE-B89F-F51C0CEB77C3}.Debug|Any CPU.ActiveCfg = Debug|Any CPU
		{A602BC49-3E93-4CBE-B89F-F51C0CEB77C3}.Debug|Any CPU.Build.0 = Debug|Any CPU
		{A602BC49-3E93-4CBE-B89F-F51C0CEB77C3}.Release|Any CPU.ActiveCfg = Release|Any CPU
		{A602BC49-3E93-4CBE-B89F-F51C0CEB77C3}.Release|Any CPU.Build.0 = Release|Any CPU
		{BBA8AEFA-29E7-4A74-9AF5-74BECEFE0C4C}.Debug|Any CPU.ActiveCfg = Debug|Any CPU
		{BBA8AEFA-29E7-4A74-9AF5-74BECEFE0C4C}.Debug|Any CPU.Build.0 = Debug|Any CPU
		{BBA8AEFA-29E7-4A74-9AF5-74BECEFE0C4C}.Release|Any CPU.ActiveCfg = Release|Any CPU
		{BBA8AEFA-29E7-4A74-9AF5-74BECEFE0C4C}.Release|Any CPU.Build.0 = Release|Any CPU
	EndGlobalSection
	GlobalSection(SolutionProperties) = preSolution
		HideSolutionNode = FALSE
	EndGlobalSection
	GlobalSection(ExtensibilityGlobals) = postSolution
		SolutionGuid = {BC8BE381-DB1B-4B0F-B179-BA017A11665C}
	EndGlobalSection
EndGlobal
